
Microsoft Visual Studio Solution File, Format Version 12.00
# Visual Studio 2013
VisualStudioVersion = 12.0.31101.0
MinimumVisualStudioVersion = 10.0.40219.1
Project("{FAE04EC0-301F-11D3-BF4B-00C04F79EFBC}") = "PiRngWrapperConsole", "PiRngWrapperConsole\PiRngWrapperConsole.csproj", "{A278DD03-C3D5-424A-9395-2BC774A991B0}"
EndProject
Project("{FAE04EC0-301F-11D3-BF4B-00C04F79EFBC}") = "PiRngWrapperLibrary", "PiRngWrapperLibrary\PiRngWrapperLibrary.csproj", "{6D6758BE-EC07-45E9-BE31-BF066491FA74}"
EndProject
Global
	GlobalSection(SolutionConfigurationPlatforms) = preSolution
		Debug|Any CPU = Debug|Any CPU
		Release|Any CPU = Release|Any CPU
	EndGlobalSection
	GlobalSection(ProjectConfigurationPlatforms) = postSolution
		{A278DD03-C3D5-424A-9395-2BC774A991B0}.Debug|Any CPU.ActiveCfg = Debug|Any CPU
		{A278DD03-C3D5-424A-9395-2BC774A991B0}.Debug|Any CPU.Build.0 = Debug|Any CPU
		{A278DD03-C3D5-424A-9395-2BC774A991B0}.Release|Any CPU.ActiveCfg = Release|Any CPU
		{A278DD03-C3D5-424A-9395-2BC774A991B0}.Release|Any CPU.Build.0 = Release|Any CPU
		{6D6758BE-EC07-45E9-BE31-BF066491FA74}.Debug|Any CPU.ActiveCfg = Debug|Any CPU
		{6D6758BE-EC07-45E9-BE31-BF066491FA74}.Debug|Any CPU.Build.0 = Debug|Any CPU
		{6D6758BE-EC07-45E9-BE31-BF066491FA74}.Release|Any CPU.ActiveCfg = Release|Any CPU
		{6D6758BE-EC07-45E9-BE31-BF066491FA74}.Release|Any CPU.Build.0 = Release|Any CPU
	EndGlobalSection
	GlobalSection(SolutionProperties) = preSolution
		HideSolutionNode = FALSE
	EndGlobalSection
EndGlobal
